{
  "name": "curve25519-node-bench",
  "version": "1.0.0",
  "lockfileVersion": 3,
  "requires": true,
  "packages": {
    "": {
      "name": "curve25519-node-bench",
      "version": "1.0.0",
      "dependencies": {
        "@unknownncat/curve25519-node": "file:..",
        "curve25519-js": "^0.0.4"
      },
      "engines": {
        "node": ">=20"
      }
    },
    "..": {
      "name": "@unknownncat/curve25519-node",
      "version": "1.0.0",
      "license": "MIT",
      "devDependencies": {
        "@types/node": "^22.18.6",
        "typescript": "^5.9.2"
      },
      "engines": {
        "node": ">=20"
      }
    },
    "node_modules/@unknownncat/curve25519-node": {
      "resolved": "..",
      "link": true
    },
    "node_modules/curve25519-js": {
      "version": "0.0.4",
      "resolved": "https://registry.npmjs.org/curve25519-js/-/curve25519-js-0.0.4.tgz",
      "integrity": "sha512-axn2UMEnkhyDUPWOwVKBMVIzSQy2ejH2xRGy1wq81dqRwApXfIzfbE3hIX0ZRFBIihf/KDqK158DLwESu4AK1w==",
      "license": "MIT"
    }
  }
}
